
Microsoft Visual Studio Solution File, Format Version 12.00
# Visual Studio Version 16
VisualStudioVersion = 16.0.30621.155
MinimumVisualStudioVersion = 10.0.40219.1
Project("{2150E333-8FDC-42A3-9474-1A3956D46DE8}") = "Services", "Services", "{2AB0CF8C-CE4E-401D-8632-08D1A73C6033}"
EndProject
Project("{2150E333-8FDC-42A3-9474-1A3956D46DE8}") = "WebApps", "WebApps", "{8B83D4E3-3A1D-4745-B268-8835FA857D7C}"
EndProject
Project("{2150E333-8FDC-42A3-9474-1A3956D46DE8}") = "Cadastros", "Cadastros", "{B0811BA1-A399-417A-B8D9-93FB14921680}"
EndProject
Project("{2150E333-8FDC-42A3-9474-1A3956D46DE8}") = "Catalogo", "Catalogo", "{039959EF-F469-4A05-8721-65E37CF688B5}"
EndProject
Project("{2150E333-8FDC-42A3-9474-1A3956D46DE8}") = "Core", "Core", "{9BD84B6F-2EF4-4268-8E3F-E7FE8079FB82}"
EndProject
Project("{2150E333-8FDC-42A3-9474-1A3956D46DE8}") = "Fiscal", "Fiscal", "{3A8253D3-F970-479B-88D9-0DAF3575BF1E}"
EndProject
Project("{2150E333-8FDC-42A3-9474-1A3956D46DE8}") = "Pagamentos", "Pagamentos", "{C13EF9D5-4B5F-441D-8BFB-E48192D3B18E}"
EndProject
Project("{2150E333-8FDC-42A3-9474-1A3956D46DE8}") = "Vendas", "Vendas", "{907978EB-2612-49C6-A02D-CE31A97C0CC1}"
EndProject
Project("{9A19103F-16F7-4668-BE54-9A1E7A4F7556}") = "NerdStore.Catalogo.Domain", "src\NerdStore.Catalogo.Domain\NerdStore.Catalogo.Domain.csproj", "{796DA1A8-C328-41A0-9188-1FA2F887D681}"
EndProject
Project("{9A19103F-16F7-4668-BE54-9A1E7A4F7556}") = "NerdStore.Core", "src\NerdStore.Core\NerdStore.Core.csproj", "{E2C8DC48-B25D-414F-8339-38955AB773D5}"
EndProject
Project("{2150E333-8FDC-42A3-9474-1A3956D46DE8}") = "Tests", "Tests", "{A3ED540C-487A-4AFE-9152-6078074EBFE7}"
EndProject
Project("{FAE04EC0-301F-11D3-BF4B-00C04F79EFBC}") = "NerdStore.Catalogo.Domain.Tests", "tests\NerdStore.Catalogo.Domain.Tests\NerdStore.Catalogo.Domain.Tests.csproj", "{959D5365-3487-4FB0-8473-7C49A0041523}"
EndProject
Project("{FAE04EC0-301F-11D3-BF4B-00C04F79EFBC}") = "NerdStore.Catalago.Data", "src\NerdStore.Catalago.Data\NerdStore.Catalago.Data.csproj", "{3FA37313-D79D-4CBF-8E75-2C35481BCBA0}"
EndProject
Project("{FAE04EC0-301F-11D3-BF4B-00C04F79EFBC}") = "NerdStore.Catalago.Application", "src\NerdStore.Catalago.Application\NerdStore.Catalago.Application.csproj", "{C86CD31E-9959-45DD-A05E-841A43E68534}"
EndProject
Project("{FAE04EC0-301F-11D3-BF4B-00C04F79EFBC}") = "NerdStore.WebApp.MVC", "src\NerdStore.WebApp.MVC\NerdStore.WebApp.MVC.csproj", "{B91789D3-25B8-4C4D-BF3F-BDEA17E6BAFA}"
EndProject
Global
	GlobalSection(SolutionConfigurationPlatforms) = preSolution
		Debug|Any CPU = Debug|Any CPU
		Release|Any CPU = Release|Any CPU
	EndGlobalSection
	GlobalSection(ProjectConfigurationPlatforms) = postSolution
		{796DA1A8-C328-41A0-9188-1FA2F887D681}.Debug|Any CPU.ActiveCfg = Debug|Any CPU
		{796DA1A8-C328-41A0-9188-1FA2F887D681}.Debug|Any CPU.Build.0 = Debug|Any CPU
		{796DA1A8-C328-41A0-9188-1FA2F887D681}.Release|Any CPU.ActiveCfg = Release|Any CPU
		{796DA1A8-C328-41A0-9188-1FA2F887D681}.Release|Any CPU.Build.0 = Release|Any CPU
		{E2C8DC48-B25D-414F-8339-38955AB773D5}.Debug|Any CPU.ActiveCfg = Debug|Any CPU
		{E2C8DC48-B25D-414F-8339-38955AB773D5}.Debug|Any CPU.Build.0 = Debug|Any CPU
		{E2C8DC48-B25D-414F-8339-38955AB773D5}.Release|Any CPU.ActiveCfg = Release|Any CPU
		{E2C8DC48-B25D-414F-8339-38955AB773D5}.Release|Any CPU.Build.0 = Release|Any CPU
		{959D5365-3487-4FB0-8473-7C49A0041523}.Debug|Any CPU.ActiveCfg = Debug|Any CPU
		{959D5365-3487-4FB0-8473-7C49A0041523}.Debug|Any CPU.Build.0 = Debug|Any CPU
		{959D5365-3487-4FB0-8473-7C49A0041523}.Release|Any CPU.ActiveCfg = Release|Any CPU
		{959D5365-3487-4FB0-8473-7C49A0041523}.Release|Any CPU.Build.0 = Release|Any CPU
		{3FA37313-D79D-4CBF-8E75-2C35481BCBA0}.Debug|Any CPU.ActiveCfg = Debug|Any CPU
		{3FA37313-D79D-4CBF-8E75-2C35481BCBA0}.Debug|Any CPU.Build.0 = Debug|Any CPU
		{3FA37313-D79D-4CBF-8E75-2C35481BCBA0}.Release|Any CPU.ActiveCfg = Release|Any CPU
		{3FA37313-D79D-4CBF-8E75-2C35481BCBA0}.Release|Any CPU.Build.0 = Release|Any CPU
		{C86CD31E-9959-45DD-A05E-841A43E68534}.Debug|Any CPU.ActiveCfg = Debug|Any CPU
		{C86CD31E-9959-45DD-A05E-841A43E68534}.Debug|Any CPU.Build.0 = Debug|Any CPU
		{C86CD31E-9959-45DD-A05E-841A43E68534}.Release|Any CPU.ActiveCfg = Release|Any CPU
		{C86CD31E-9959-45DD-A05E-841A43E68534}.Release|Any CPU.Build.0 = Release|Any CPU
		{B91789D3-25B8-4C4D-BF3F-BDEA17E6BAFA}.Debug|Any CPU.ActiveCfg = Debug|Any CPU
		{B91789D3-25B8-4C4D-BF3F-BDEA17E6BAFA}.Debug|Any CPU.Build.0 = Debug|Any CPU
		{B91789D3-25B8-4C4D-BF3F-BDEA17E6BAFA}.Release|Any CPU.ActiveCfg = Release|Any CPU
		{B91789D3-25B8-4C4D-BF3F-BDEA17E6BAFA}.Release|Any CPU.Build.0 = Release|Any CPU
	EndGlobalSection
	GlobalSection(SolutionProperties) = preSolution
		HideSolutionNode = FALSE
	EndGlobalSection
	GlobalSection(NestedProjects) = preSolution
		{B0811BA1-A399-417A-B8D9-93FB14921680} = {2AB0CF8C-CE4E-401D-8632-08D1A73C6033}
		{039959EF-F469-4A05-8721-65E37CF688B5} = {2AB0CF8C-CE4E-401D-8632-08D1A73C6033}
		{9BD84B6F-2EF4-4268-8E3F-E7FE8079FB82} = {2AB0CF8C-CE4E-401D-8632-08D1A73C6033}
		{3A8253D3-F970-479B-88D9-0DAF3575BF1E} = {2AB0CF8C-CE4E-401D-8632-08D1A73C6033}
		{C13EF9D5-4B5F-441D-8BFB-E48192D3B18E} = {2AB0CF8C-CE4E-401D-8632-08D1A73C6033}
		{907978EB-2612-49C6-A02D-CE31A97C0CC1} = {2AB0CF8C-CE4E-401D-8632-08D1A73C6033}
		{796DA1A8-C328-41A0-9188-1FA2F887D681} = {039959EF-F469-4A05-8721-65E37CF688B5}
		{E2C8DC48-B25D-414F-8339-38955AB773D5} = {9BD84B6F-2EF4-4268-8E3F-E7FE8079FB82}
		{A3ED540C-487A-4AFE-9152-6078074EBFE7} = {039959EF-F469-4A05-8721-65E37CF688B5}
		{959D5365-3487-4FB0-8473-7C49A0041523} = {A3ED540C-487A-4AFE-9152-6078074EBFE7}
		{3FA37313-D79D-4CBF-8E75-2C35481BCBA0} = {039959EF-F469-4A05-8721-65E37CF688B5}
		{C86CD31E-9959-45DD-A05E-841A43E68534} = {039959EF-F469-4A05-8721-65E37CF688B5}
		{B91789D3-25B8-4C4D-BF3F-BDEA17E6BAFA} = {8B83D4E3-3A1D-4745-B268-8835FA857D7C}
	EndGlobalSection
	GlobalSection(ExtensibilityGlobals) = postSolution
		SolutionGuid = {3E88AB19-3B30-4773-AA7E-1ECC47634CB5}
	EndGlobalSection
EndGlobal
